
Microsoft Visual Studio Solution File, Format Version 11.00
# Visual Studio 2010
Project("{FAE04EC0-301F-11D3-BF4B-00C04F79EFBC}") = "BayesianAnalyzer", "BayesianAnalyzer\BayesianAnalyzer.csproj", "{7AC04BD6-10FA-493D-A3BA-9E18D4567356}"
EndProject
Global
	GlobalSection(SolutionConfigurationPlatforms) = preSolution
		Debug|x86 = Debug|x86
		Release|x86 = Release|x86
	EndGlobalSection
	GlobalSection(ProjectConfigurationPlatforms) = postSolution
		{7AC04BD6-10FA-493D-A3BA-9E18D4567356}.Debug|x86.ActiveCfg = Debug|x86
		{7AC04BD6-10FA-493D-A3BA-9E18D4567356}.Debug|x86.Build.0 = Debug|x86
		{7AC04BD6-10FA-493D-A3BA-9E18D4567356}.Release|x86.ActiveCfg = Release|x86
		{7AC04BD6-10FA-493D-A3BA-9E18D4567356}.Release|x86.Build.0 = Release|x86
	EndGlobalSection
	GlobalSection(SolutionProperties) = preSolution
		HideSolutionNode = FALSE
	EndGlobalSection
EndGlobal
